// !$*UTF8*$!
{
	archiveVersion = 1;
	classes = {
	};
	objectVersion = 48;
	objects = {

/* Begin PBXBuildFile section */
		3DAAFE2E2073458E0082BF2C /* BookmarkViewController.swift in Sources */ = {isa = PBXBuildFile; fileRef = 3DAAFE2D2073458E0082BF2C /* BookmarkViewController.swift */; };
		3DAAFE3020734ACF0082BF2C /* Bookmark.swift in Sources */ = {isa = PBXBuildFile; fileRef = 3DAAFE2F20734ACF0082BF2C /* Bookmark.swift */; };
		3DB4BE612071FA4D00E1E9FC /* AppDelegate.swift in Sources */ = {isa = PBXBuildFile; fileRef = 3DB4BE602071FA4D00E1E9FC /* AppDelegate.swift */; };
		3DB4BE662071FA4D00E1E9FC /* Main.storyboard in Resources */ = {isa = PBXBuildFile; fileRef = 3DB4BE642071FA4D00E1E9FC /* Main.storyboard */; };
		3DB4BE682071FA4D00E1E9FC /* Assets.xcassets in Resources */ = {isa = PBXBuildFile; fileRef = 3DB4BE672071FA4D00E1E9FC /* Assets.xcassets */; };
		3DB4BE6B2071FA4D00E1E9FC /* LaunchScreen.storyboard in Resources */ = {isa = PBXBuildFile; fileRef = 3DB4BE692071FA4D00E1E9FC /* LaunchScreen.storyboard */; };
		3DB4BE732071FE2100E1E9FC /* ListViewController.swift in Sources */ = {isa = PBXBuildFile; fileRef = 3DB4BE722071FE2100E1E9FC /* ListViewController.swift */; };
		3DB4BE7520720CCB00E1E9FC /* Setting.swift in Sources */ = {isa = PBXBuildFile; fileRef = 3DB4BE7420720CCB00E1E9FC /* Setting.swift */; };
		3DB4BE7720720DA500E1E9FC /* Item.swift in Sources */ = {isa = PBXBuildFile; fileRef = 3DB4BE7620720DA500E1E9FC /* Item.swift */; };
		3DB4BE79207320EF00E1E9FC /* DetailViewController.swift in Sources */ = {isa = PBXBuildFile; fileRef = 3DB4BE78207320EF00E1E9FC /* DetailViewController.swift */; };
		FA826A164BA0935B7DE38B4B /* Pods_RssReader.framework in Frameworks */ = {isa = PBXBuildFile; fileRef = 157C72DA3A89489F23E2BF41 /* Pods_RssReader.framework */; };
/* End PBXBuildFile section */

/* Begin PBXFileReference section */
		157C72DA3A89489F23E2BF41 /* Pods_RssReader.framework */ = {isa = PBXFileReference; explicitFileType = wrapper.framework; includeInIndex = 0; path = Pods_RssReader.framework; sourceTree = BUILT_PRODUCTS_DIR; };
		3DAAFE2D2073458E0082BF2C /* BookmarkViewController.swift */ = {isa = PBXFileReference; lastKnownFileType = sourcecode.swift; path = BookmarkViewController.swift; sourceTree = "<group>"; };
		3DAAFE2F20734ACF0082BF2C /* Bookmark.swift */ = {isa = PBXFileReference; lastKnownFileType = sourcecode.swift; path = Bookmark.swift; sourceTree = "<group>"; };
		3DB4BE5D2071FA4D00E1E9FC /* RssReader.app */ = {isa = PBXFileReference; explicitFileType = wrapper.application; includeInIndex = 0; path = RssReader.app; sourceTree = BUILT_PRODUCTS_DIR; };
		3DB4BE602071FA4D00E1E9FC /* AppDelegate.swift */ = {isa = PBXFileReference; lastKnownFileType = sourcecode.swift; path = AppDelegate.swift; sourceTree = "<group>"; };
		3DB4BE652071FA4D00E1E9FC /* Base */ = {isa = PBXFileReference; lastKnownFileType = file.storyboard; name = Base; path = Base.lproj/Main.storyboard; sourceTree = "<group>"; };
		3DB4BE672071FA4D00E1E9FC /* Assets.xcassets */ = {isa = PBXFileReference; lastKnownFileType = folder.assetcatalog; path = Assets.xcassets; sourceTree = "<group>"; };
		3DB4BE6A2071FA4D00E1E9FC /* Base */ = {isa = PBXFileReference; lastKnownFileType = file.storyboard; name = Base; path = Base.lproj/LaunchScreen.storyboard; sourceTree = "<group>"; };
		3DB4BE6C2071FA4D00E1E9FC /* Info.plist */ = {isa = PBXFileReference; lastKnownFileType = text.plist.xml; path = Info.plist; sourceTree = "<group>"; };
		3DB4BE722071FE2100E1E9FC /* ListViewController.swift */ = {isa = PBXFileReference; lastKnownFileType = sourcecode.swift; path = ListViewController.swift; sourceTree = "<group>"; };
		3DB4BE7420720CCB00E1E9FC /* Setting.swift */ = {isa = PBXFileReference; lastKnownFileType = sourcecode.swift; path = Setting.swift; sourceTree = "<group>"; };
		3DB4BE7620720DA500E1E9FC /* Item.swift */ = {isa = PBXFileReference; lastKnownFileType = sourcecode.swift; path = Item.swift; sourceTree = "<group>"; };
		3DB4BE78207320EF00E1E9FC /* DetailViewController.swift */ = {isa = PBXFileReference; lastKnownFileType = sourcecode.swift; path = DetailViewController.swift; sourceTree = "<group>"; };
		91E16149C696881861EBABBF /* Pods-RssReader.debug.xcconfig */ = {isa = PBXFileReference; includeInIndex = 1; lastKnownFileType = text.xcconfig; name = "Pods-RssReader.debug.xcconfig"; path = "Pods/Target Support Files/Pods-RssReader/Pods-RssReader.debug.xcconfig"; sourceTree = "<group>"; };
		F44078466143E9D8DE3EDEC0 /* Pods-RssReader.release.xcconfig */ = {isa = PBXFileReference; includeInIndex = 1; lastKnownFileType = text.xcconfig; name = "Pods-RssReader.release.xcconfig"; path = "Pods/Target Support Files/Pods-RssReader/Pods-RssReader.release.xcconfig"; sourceTree = "<group>"; };
/* End PBXFileReference section */

/* Begin PBXFrameworksBuildPhase section */
		3DB4BE5A2071FA4C00E1E9FC /* Frameworks */ = {
			isa = PBXFrameworksBuildPhase;
			buildActionMask = 2147483647;
			files = (
				FA826A164BA0935B7DE38B4B /* Pods_RssReader.framework in Frameworks */,
			);
			runOnlyForDeploymentPostprocessing = 0;
		};
/* End PBXFrameworksBuildPhase section */

/* Begin PBXGroup section */
		3DB4BE542071FA4C00E1E9FC = {
			isa = PBXGroup;
			children = (
				3DB4BE5F2071FA4D00E1E9FC /* RssReader */,
				3DB4BE5E2071FA4D00E1E9FC /* Products */,
				502651EF746D7746EDFA5F42 /* Pods */,
				FEEFE2BF8DCC010FA67F225E /* Frameworks */,
			);
			sourceTree = "<group>";
		};
		3DB4BE5E2071FA4D00E1E9FC /* Products */ = {
			isa = PBXGroup;
			children = (
				3DB4BE5D2071FA4D00E1E9FC /* RssReader.app */,
			);
			name = Products;
			sourceTree = "<group>";
		};
		3DB4BE5F2071FA4D00E1E9FC /* RssReader */ = {
			isa = PBXGroup;
			children = (
				3DB4BE602071FA4D00E1E9FC /* AppDelegate.swift */,
				3DB4BE642071FA4D00E1E9FC /* Main.storyboard */,
				3DB4BE672071FA4D00E1E9FC /* Assets.xcassets */,
				3DB4BE692071FA4D00E1E9FC /* LaunchScreen.storyboard */,
				3DB4BE6C2071FA4D00E1E9FC /* Info.plist */,
				3DB4BE722071FE2100E1E9FC /* ListViewController.swift */,
				3DB4BE7420720CCB00E1E9FC /* Setting.swift */,
				3DB4BE7620720DA500E1E9FC /* Item.swift */,
				3DB4BE78207320EF00E1E9FC /* DetailViewController.swift */,
				3DAAFE2D2073458E0082BF2C /* BookmarkViewController.swift */,
				3DAAFE2F20734ACF0082BF2C /* Bookmark.swift */,
			);
			path = RssReader;
			sourceTree = "<group>";
		};
		502651EF746D7746EDFA5F42 /* Pods */ = {
			isa = PBXGroup;
			children = (
				91E16149C696881861EBABBF /* Pods-RssReader.debug.xcconfig */,
				F44078466143E9D8DE3EDEC0 /* Pods-RssReader.release.xcconfig */,
			);
			name = Pods;
			sourceTree = "<group>";
		};
		FEEFE2BF8DCC010FA67F225E /* Frameworks */ = {
			isa = PBXGroup;
			children = (
				157C72DA3A89489F23E2BF41 /* Pods_RssReader.framework */,
			);
			name = Frameworks;
			sourceTree = "<group>";
		};
/* End PBXGroup section */

/* Begin PBXNativeTarget section */
		3DB4BE5C2071FA4C00E1E9FC /* RssReader */ = {
			isa = PBXNativeTarget;
			buildConfigurationList = 3DB4BE6F2071FA4D00E1E9FC /* Build configuration list for PBXNativeTarget "RssReader" */;
			buildPhases = (
				694146841CC989CBFEAC342B /* [CP] Check Pods Manifest.lock */,
				3DB4BE592071FA4C00E1E9FC /* Sources */,
				3DB4BE5A2071FA4C00E1E9FC /* Frameworks */,
				3DB4BE5B2071FA4C00E1E9FC /* Resources */,
				D3B20C9649E573B04C4BE805 /* [CP] Embed Pods Frameworks */,
				2DF4CA022A63AAEB0B8CB6A2 /* [CP] Copy Pods Resources */,
			);
			buildRules = (
			);
			dependencies = (
			);
			name = RssReader;
			productName = RssReader;
			productReference = 3DB4BE5D2071FA4D00E1E9FC /* RssReader.app */;
			productType = "com.apple.product-type.application";
		};
/* End PBXNativeTarget section */

/* Begin PBXProject section */
		3DB4BE552071FA4C00E1E9FC /* Project object */ = {
			isa = PBXProject;
			attributes = {
				LastSwiftUpdateCheck = 0920;
				LastUpgradeCheck = 0920;
				ORGANIZATIONNAME = mycompany;
				TargetAttributes = {
					3DB4BE5C2071FA4C00E1E9FC = {
						CreatedOnToolsVersion = 9.2;
						ProvisioningStyle = Automatic;
					};
				};
			};
			buildConfigurationList = 3DB4BE582071FA4C00E1E9FC /* Build configuration list for PBXProject "RssReader" */;
			compatibilityVersion = "Xcode 8.0";
			developmentRegion = en;
			hasScannedForEncodings = 0;
			knownRegions = (
				en,
				Base,
			);
			mainGroup = 3DB4BE542071FA4C00E1E9FC;
			productRefGroup = 3DB4BE5E2071FA4D00E1E9FC /* Products */;
			projectDirPath = "";
			projectRoot = "";
			targets = (
				3DB4BE5C2071FA4C00E1E9FC /* RssReader */,
			);
		};
/* End PBXProject section */

/* Begin PBXResourcesBuildPhase section */
		3DB4BE5B2071FA4C00E1E9FC /* Resources */ = {
			isa = PBXResourcesBuildPhase;
			buildActionMask = 2147483647;
			files = (
				3DB4BE6B2071FA4D00E1E9FC /* LaunchScreen.storyboard in Resources */,
				3DB4BE682071FA4D00E1E9FC /* Assets.xcassets in Resources */,
				3DB4BE662071FA4D00E1E9FC /* Main.storyboard in Resources */,
			);
			runOnlyForDeploymentPostprocessing = 0;
		};
/* End PBXResourcesBuildPhase section */

/* Begin PBXShellScriptBuildPhase section */
		2DF4CA022A63AAEB0B8CB6A2 /* [CP] Copy Pods Resources */ = {
			isa = PBXShellScriptBuildPhase;
			buildActionMask = 2147483647;
			files = (
			);
			inputPaths = (
			);
			name = "[CP] Copy Pods Resources";
			outputPaths = (
			);
			runOnlyForDeploymentPostprocessing = 0;
			shellPath = /bin/sh;
			shellScript = "\"${SRCROOT}/Pods/Target Support Files/Pods-RssReader/Pods-RssReader-resources.sh\"\n";
			showEnvVarsInLog = 0;
		};
		694146841CC989CBFEAC342B /* [CP] Check Pods Manifest.lock */ = {
			isa = PBXShellScriptBuildPhase;
			buildActionMask = 2147483647;
			files = (
			);
			inputPaths = (
				"${PODS_PODFILE_DIR_PATH}/Podfile.lock",
				"${PODS_ROOT}/Manifest.lock",
			);
			name = "[CP] Check Pods Manifest.lock";
			outputPaths = (
				"$(DERIVED_FILE_DIR)/Pods-RssReader-checkManifestLockResult.txt",
			);
			runOnlyForDeploymentPostprocessing = 0;
			shellPath = /bin/sh;
			shellScript = "diff \"${PODS_PODFILE_DIR_PATH}/Podfile.lock\" \"${PODS_ROOT}/Manifest.lock\" > /dev/null\nif [ $? != 0 ] ; then\n    # print error to STDERR\n    echo \"error: The sandbox is not in sync with the Podfile.lock. Run 'pod install' or update your CocoaPods installation.\" >&2\n    exit 1\nfi\n# This output is used by Xcode 'outputs' to avoid re-running this script phase.\necho \"SUCCESS\" > \"${SCRIPT_OUTPUT_FILE_0}\"\n";
			showEnvVarsInLog = 0;
		};
		D3B20C9649E573B04C4BE805 /* [CP] Embed Pods Frameworks */ = {
			isa = PBXShellScriptBuildPhase;
			buildActionMask = 2147483647;
			files = (
			);
			inputPaths = (
				"${SRCROOT}/Pods/Target Support Files/Pods-RssReader/Pods-RssReader-frameworks.sh",
				"${BUILT_PRODUCTS_DIR}/Ji/Ji.framework",
				"${BUILT_PRODUCTS_DIR}/Realm/Realm.framework",
				"${BUILT_PRODUCTS_DIR}/RealmSwift/RealmSwift.framework",
				"${BUILT_PRODUCTS_DIR}/SDWebImage/SDWebImage.framework",
			);
			name = "[CP] Embed Pods Frameworks";
			outputPaths = (
				"${TARGET_BUILD_DIR}/${FRAMEWORKS_FOLDER_PATH}/Ji.framework",
				"${TARGET_BUILD_DIR}/${FRAMEWORKS_FOLDER_PATH}/Realm.framework",
				"${TARGET_BUILD_DIR}/${FRAMEWORKS_FOLDER_PATH}/RealmSwift.framework",
				"${TARGET_BUILD_DIR}/${FRAMEWORKS_FOLDER_PATH}/SDWebImage.framework",
			);
			runOnlyForDeploymentPostprocessing = 0;
			shellPath = /bin/sh;
			shellScript = "\"${SRCROOT}/Pods/Target Support Files/Pods-RssReader/Pods-RssReader-frameworks.sh\"\n";
			showEnvVarsInLog = 0;
		};
/* End PBXShellScriptBuildPhase section */

/* Begin PBXSourcesBuildPhase section */
		3DB4BE592071FA4C00E1E9FC /* Sources */ = {
			isa = PBXSourcesBuildPhase;
			buildActionMask = 2147483647;
			files = (
				3DB4BE7720720DA500E1E9FC /* Item.swift in Sources */,
				3DB4BE732071FE2100E1E9FC /* ListViewController.swift in Sources */,
				3DB4BE79207320EF00E1E9FC /* DetailViewController.swift in Sources */,
				3DB4BE612071FA4D00E1E9FC /* AppDelegate.swift in Sources */,
				3DAAFE2E2073458E0082BF2C /* BookmarkViewController.swift in Sources */,
				3DAAFE3020734ACF0082BF2C /* Bookmark.swift in Sources */,
				3DB4BE7520720CCB00E1E9FC /* Setting.swift in Sources */,
			);
			runOnlyForDeploymentPostprocessing = 0;
		};
/* End PBXSourcesBuildPhase section */

/* Begin PBXVariantGroup section */
		3DB4BE642071FA4D00E1E9FC /* Main.storyboard */ = {
			isa = PBXVariantGroup;
			children = (
				3DB4BE652071FA4D00E1E9FC /* Base */,
			);
			name = Main.storyboard;
			sourceTree = "<group>";
		};
		3DB4BE692071FA4D00E1E9FC /* LaunchScreen.storyboard */ = {
			isa = PBXVariantGroup;
			children = (
				3DB4BE6A2071FA4D00E1E9FC /* Base */,
			);
			name = LaunchScreen.storyboard;
			sourceTree = "<group>";
		};
/* End PBXVariantGroup section */

/* Begin XCBuildConfiguration section */
		3DB4BE6D2071FA4D00E1E9FC /* Debug */ = {
			isa = XCBuildConfiguration;
			buildSettings = {
				ALWAYS_SEARCH_USER_PATHS = NO;
				CLANG_ANALYZER_NONNULL = YES;
				CLANG_ANALYZER_NUMBER_OBJECT_CONVERSION = YES_AGGRESSIVE;
				CLANG_CXX_LANGUAGE_STANDARD = "gnu++14";
				CLANG_CXX_LIBRARY = "libc++";
				CLANG_ENABLE_MODULES = YES;
				CLANG_ENABLE_OBJC_ARC = YES;
				CLANG_WARN_BLOCK_CAPTURE_AUTORELEASING = YES;
				CLANG_WARN_BOOL_CONVERSION = YES;
				CLANG_WARN_COMMA = YES;
				CLANG_WARN_CONSTANT_CONVERSION = YES;
				CLANG_WARN_DIRECT_OBJC_ISA_USAGE = YES_ERROR;
				CLANG_WARN_DOCUMENTATION_COMMENTS = YES;
				CLANG_WARN_EMPTY_BODY = YES;
				CLANG_WARN_ENUM_CONVERSION = YES;
				CLANG_WARN_INFINITE_RECURSION = YES;
				CLANG_WARN_INT_CONVERSION = YES;
				CLANG_WARN_NON_LITERAL_NULL_CONVERSION = YES;
				CLANG_WARN_OBJC_LITERAL_CONVERSION = YES;
				CLANG_WARN_OBJC_ROOT_CLASS = YES_ERROR;
				CLANG_WARN_RANGE_LOOP_ANALYSIS = YES;
				CLANG_WARN_STRICT_PROTOTYPES = YES;
				CLANG_WARN_SUSPICIOUS_MOVE = YES;
				CLANG_WARN_UNGUARDED_AVAILABILITY = YES_AGGRESSIVE;
				CLANG_WARN_UNREACHABLE_CODE = YES;
				CLANG_WARN__DUPLICATE_METHOD_MATCH = YES;
				CODE_SIGN_IDENTITY = "iPhone Developer";
				COPY_PHASE_STRIP = NO;
				DEBUG_INFORMATION_FORMAT = dwarf;
				ENABLE_STRICT_OBJC_MSGSEND = YES;
				ENABLE_TESTABILITY = YES;
				GCC_C_LANGUAGE_STANDARD = gnu11;
				GCC_DYNAMIC_NO_PIC = NO;
				GCC_NO_COMMON_BLOCKS = YES;
				GCC_OPTIMIZATION_LEVEL = 0;
				GCC_PREPROCESSOR_DEFINITIONS = (
					"DEBUG=1",
					"$(inherited)",
				);
				GCC_WARN_64_TO_32_BIT_CONVERSION = YES;
				GCC_WARN_ABOUT_RETURN_TYPE = YES_ERROR;
				GCC_WARN_UNDECLARED_SELECTOR = YES;
				GCC_WARN_UNINITIALIZED_AUTOS = YES_AGGRESSIVE;
				GCC_WARN_UNUSED_FUNCTION = YES;
				GCC_WARN_UNUSED_VARIABLE = YES;
				IPHONEOS_DEPLOYMENT_TARGET = 11.2;
				MTL_ENABLE_DEBUG_INFO = YES;
				ONLY_ACTIVE_ARCH = YES;
				SDKROOT = iphoneos;
				SWIFT_ACTIVE_COMPILATION_CONDITIONS = DEBUG;
				SWIFT_OPTIMIZATION_LEVEL = "-Onone";
			};
			name = Debug;
		};
		3DB4BE6E2071FA4D00E1E9FC /* Release */ = {
			isa = XCBuildConfiguration;
			buildSettings = {
				ALWAYS_SEARCH_USER_PATHS = NO;
				CLANG_ANALYZER_NONNULL = YES;
				CLANG_ANALYZER_NUMBER_OBJECT_CONVERSION = YES_AGGRESSIVE;
				CLANG_CXX_LANGUAGE_STANDARD = "gnu++14";
				CLANG_CXX_LIBRARY = "libc++";
				CLANG_ENABLE_MODULES = YES;
				CLANG_ENABLE_OBJC_ARC = YES;
				CLANG_WARN_BLOCK_CAPTURE_AUTORELEASING = YES;
				CLANG_WARN_BOOL_CONVERSION = YES;
				CLANG_WARN_COMMA = YES;
				CLANG_WARN_CONSTANT_CONVERSION = YES;
				CLANG_WARN_DIRECT_OBJC_ISA_USAGE = YES_ERROR;
				CLANG_WARN_DOCUMENTATION_COMMENTS = YES;
				CLANG_WARN_EMPTY_BODY = YES;
				CLANG_WARN_ENUM_CONVERSION = YES;
				CLANG_WARN_INFINITE_RECURSION = YES;
				CLANG_WARN_INT_CONVERSION = YES;
				CLANG_WARN_NON_LITERAL_NULL_CONVERSION = YES;
				CLANG_WARN_OBJC_LITERAL_CONVERSION = YES;
				CLANG_WARN_OBJC_ROOT_CLASS = YES_ERROR;
				CLANG_WARN_RANGE_LOOP_ANALYSIS = YES;
				CLANG_WARN_STRICT_PROTOTYPES = YES;
				CLANG_WARN_SUSPICIOUS_MOVE = YES;
				CLANG_WARN_UNGUARDED_AVAILABILITY = YES_AGGRESSIVE;
				CLANG_WARN_UNREACHABLE_CODE = YES;
				CLANG_WARN__DUPLICATE_METHOD_MATCH = YES;
				CODE_SIGN_IDENTITY = "iPhone Developer";
				COPY_PHASE_STRIP = NO;
				DEBUG_INFORMATION_FORMAT = "dwarf-with-dsym";
				ENABLE_NS_ASSERTIONS = NO;
				ENABLE_STRICT_OBJC_MSGSEND = YES;
				GCC_C_LANGUAGE_STANDARD = gnu11;
				GCC_NO_COMMON_BLOCKS = YES;
				GCC_WARN_64_TO_32_BIT_CONVERSION = YES;
				GCC_WARN_ABOUT_RETURN_TYPE = YES_ERROR;
				GCC_WARN_UNDECLARED_SELECTOR = YES;
				GCC_WARN_UNINITIALIZED_AUTOS = YES_AGGRESSIVE;
				GCC_WARN_UNUSED_FUNCTION = YES;
				GCC_WARN_UNUSED_VARIABLE = YES;
				IPHONEOS_DEPLOYMENT_TARGET = 11.2;
				MTL_ENABLE_DEBUG_INFO = NO;
				SDKROOT = iphoneos;
				SWIFT_OPTIMIZATION_LEVEL = "-Owholemodule";
				VALIDATE_PRODUCT = YES;
			};
			name = Release;
		};
		3DB4BE702071FA4D00E1E9FC /* Debug */ = {
			isa = XCBuildConfiguration;
			baseConfigurationReference = 91E16149C696881861EBABBF /* Pods-RssReader.debug.xcconfig */;
			buildSettings = {
				ASSETCATALOG_COMPILER_APPICON_NAME = AppIcon;
				CODE_SIGN_STYLE = Automatic;
				INFOPLIST_FILE = RssReader/Info.plist;
				LD_RUNPATH_SEARCH_PATHS = "$(inherited) @executable_path/Frameworks";
				PRODUCT_BUNDLE_IDENTIFIER = com.mycompany.RssReader;
				PRODUCT_NAME = "$(TARGET_NAME)";
				SWIFT_VERSION = 4.0;
				TARGETED_DEVICE_FAMILY = "1,2";
			};
			name = Debug;
		};
		3DB4BE712071FA4D00E1E9FC /* Release */ = {
			isa = XCBuildConfiguration;
			baseConfigurationReference = F44078466143E9D8DE3EDEC0 /* Pods-RssReader.release.xcconfig */;
			buildSettings = {
				ASSETCATALOG_COMPILER_APPICON_NAME = AppIcon;
				CODE_SIGN_STYLE = Automatic;
				INFOPLIST_FILE = RssReader/Info.plist;
				LD_RUNPATH_SEARCH_PATHS = "$(inherited) @executable_path/Frameworks";
				PRODUCT_BUNDLE_IDENTIFIER = com.mycompany.RssReader;
				PRODUCT_NAME = "$(TARGET_NAME)";
				SWIFT_VERSION = 4.0;
				TARGETED_DEVICE_FAMILY = "1,2";
			};
			name = Release;
		};
/* End XCBuildConfiguration section */

/* Begin XCConfigurationList section */
		3DB4BE582071FA4C00E1E9FC /* Build configuration list for PBXProject "RssReader" */ = {
			isa = XCConfigurationList;
			buildConfigurations = (
				3DB4BE6D2071FA4D00E1E9FC /* Debug */,
				3DB4BE6E2071FA4D00E1E9FC /* Release */,
			);
			defaultConfigurationIsVisible = 0;
			defaultConfigurationName = Release;
		};
		3DB4BE6F2071FA4D00E1E9FC /* Build configuration list for PBXNativeTarget "RssReader" */ = {
			isa = XCConfigurationList;
			buildConfigurations = (
				3DB4BE702071FA4D00E1E9FC /* Debug */,
				3DB4BE712071FA4D00E1E9FC /* Release */,
			);
			defaultConfigurationIsVisible = 0;
			defaultConfigurationName = Release;
		};
/* End XCConfigurationList section */
	};
	rootObject = 3DB4BE552071FA4C00E1E9FC /* Project object */;
}
